
Microsoft Visual Studio Solution File, Format Version 12.00
# Visual Studio Version 17
VisualStudioVersion = 17.14.36705.20 d17.14
MinimumVisualStudioVersion = 10.0.40219.1
Project("{FAE04EC0-301F-11D3-BF4B-00C04F79EFBC}") = "Server_UDP", "Nhom7_E_learning2_UDP\Server_UDP.csproj", "{B6F4FB33-598F-428A-B854-FCFD6EE7B854}"
EndProject
Project("{FAE04EC0-301F-11D3-BF4B-00C04F79EFBC}") = "Client_UDP", "Client_UDP\Client_UDP.csproj", "{741C6273-E4EE-4F3F-8F4D-439DD0D998CF}"
EndProject
Global
	GlobalSection(SolutionConfigurationPlatforms) = preSolution
		Debug|Any CPU = Debug|Any CPU
		Release|Any CPU = Release|Any CPU
	EndGlobalSection
	GlobalSection(ProjectConfigurationPlatforms) = postSolution
		{B6F4FB33-598F-428A-B854-FCFD6EE7B854}.Debug|Any CPU.ActiveCfg = Debug|Any CPU
		{B6F4FB33-598F-428A-B854-FCFD6EE7B854}.Debug|Any CPU.Build.0 = Debug|Any CPU
		{B6F4FB33-598F-428A-B854-FCFD6EE7B854}.Release|Any CPU.ActiveCfg = Release|Any CPU
		{B6F4FB33-598F-428A-B854-FCFD6EE7B854}.Release|Any CPU.Build.0 = Release|Any CPU
		{741C6273-E4EE-4F3F-8F4D-439DD0D998CF}.Debug|Any CPU.ActiveCfg = Debug|Any CPU
		{741C6273-E4EE-4F3F-8F4D-439DD0D998CF}.Debug|Any CPU.Build.0 = Debug|Any CPU
		{741C6273-E4EE-4F3F-8F4D-439DD0D998CF}.Release|Any CPU.ActiveCfg = Release|Any CPU
		{741C6273-E4EE-4F3F-8F4D-439DD0D998CF}.Release|Any CPU.Build.0 = Release|Any CPU
	EndGlobalSection
	GlobalSection(SolutionProperties) = preSolution
		HideSolutionNode = FALSE
	EndGlobalSection
	GlobalSection(ExtensibilityGlobals) = postSolution
		SolutionGuid = {6A7DDB08-5B13-4BAE-8CF1-9A57DB65AA9A}
	EndGlobalSection
EndGlobal
