
Microsoft Visual Studio Solution File, Format Version 12.00
# Visual Studio Version 17
VisualStudioVersion = 17.12.35527.113
MinimumVisualStudioVersion = 10.0.40219.1
Project("{888888A0-9F3D-457C-B088-3A5042F75D52}") = "Server", "Server\Server.pyproj", "{89A2712C-5EFB-43B6-8033-F3C881F6F2B8}"
EndProject
Project("{888888A0-9F3D-457C-B088-3A5042F75D52}") = "Client", "Client\Client.pyproj", "{E606C58E-A9FE-462D-B039-E094EB6424D3}"
EndProject
Global
	GlobalSection(SolutionConfigurationPlatforms) = preSolution
		Debug|Any CPU = Debug|Any CPU
		Release|Any CPU = Release|Any CPU
	EndGlobalSection
	GlobalSection(ProjectConfigurationPlatforms) = postSolution
		{89A2712C-5EFB-43B6-8033-F3C881F6F2B8}.Debug|Any CPU.ActiveCfg = Debug|Any CPU
		{89A2712C-5EFB-43B6-8033-F3C881F6F2B8}.Release|Any CPU.ActiveCfg = Release|Any CPU
		{E606C58E-A9FE-462D-B039-E094EB6424D3}.Debug|Any CPU.ActiveCfg = Debug|Any CPU
		{E606C58E-A9FE-462D-B039-E094EB6424D3}.Release|Any CPU.ActiveCfg = Release|Any CPU
	EndGlobalSection
	GlobalSection(SolutionProperties) = preSolution
		HideSolutionNode = FALSE
	EndGlobalSection
EndGlobal
